// !$*UTF8*$!
{
	archiveVersion = 1;
	classes = {
	};
	objectVersion = 51;
	objects = {

/* Begin PBXBuildFile section */
		4BF7845325FC4E83009179F2 /* AppDelegate.swift in Sources */ = {isa = PBXBuildFile; fileRef = 4BF7845225FC4E83009179F2 /* AppDelegate.swift */; };
		4BF7845525FC4E83009179F2 /* SceneDelegate.swift in Sources */ = {isa = PBXBuildFile; fileRef = 4BF7845425FC4E83009179F2 /* SceneDelegate.swift */; };
		4BF7845A25FC4E83009179F2 /* Main.storyboard in Resources */ = {isa = PBXBuildFile; fileRef = 4BF7845825FC4E83009179F2 /* Main.storyboard */; };
		4BF7845C25FC4E83009179F2 /* Assets.xcassets in Resources */ = {isa = PBXBuildFile; fileRef = 4BF7845B25FC4E83009179F2 /* Assets.xcassets */; };
		4BF7845F25FC4E83009179F2 /* LaunchScreen.storyboard in Resources */ = {isa = PBXBuildFile; fileRef = 4BF7845D25FC4E83009179F2 /* LaunchScreen.storyboard */; };
		4BF7846A25FC4E84009179F2 /* ParstagramTests.swift in Sources */ = {isa = PBXBuildFile; fileRef = 4BF7846925FC4E84009179F2 /* ParstagramTests.swift */; };
		4BF7847525FC4E84009179F2 /* ParstagramUITests.swift in Sources */ = {isa = PBXBuildFile; fileRef = 4BF7847425FC4E84009179F2 /* ParstagramUITests.swift */; };
		4BF7848925FC4F18009179F2 /* LoginViewController.swift in Sources */ = {isa = PBXBuildFile; fileRef = 4BF7848825FC4F18009179F2 /* LoginViewController.swift */; };
		4BF7848E25FC4F28009179F2 /* FeedViewController.swift in Sources */ = {isa = PBXBuildFile; fileRef = 4BF7848D25FC4F28009179F2 /* FeedViewController.swift */; };
		4BF784A925FC6EDE009179F2 /* CameraViewController.swift in Sources */ = {isa = PBXBuildFile; fileRef = 4BF784A825FC6EDE009179F2 /* CameraViewController.swift */; };
		4BF784AE25FFCF7F009179F2 /* PostCell.swift in Sources */ = {isa = PBXBuildFile; fileRef = 4BF784AD25FFCF7F009179F2 /* PostCell.swift */; };
		6D471769AEBBF445A7DD4D33 /* Pods_Parstagram_ParstagramUITests.framework in Frameworks */ = {isa = PBXBuildFile; fileRef = 68B395B5424193740B69E4A8 /* Pods_Parstagram_ParstagramUITests.framework */; };
		DE86BB6AFE7DAF88E2E37E9E /* Pods_Parstagram.framework in Frameworks */ = {isa = PBXBuildFile; fileRef = BE24968A71F574CA03C1ACBD /* Pods_Parstagram.framework */; };
		E29735B332744DE095DA0453 /* Pods_ParstagramTests.framework in Frameworks */ = {isa = PBXBuildFile; fileRef = 135F5DA1C23B89E8333C90DA /* Pods_ParstagramTests.framework */; };
/* End PBXBuildFile section */

/* Begin PBXContainerItemProxy section */
		4BF7846625FC4E84009179F2 /* PBXContainerItemProxy */ = {
			isa = PBXContainerItemProxy;
			containerPortal = 4BF7844725FC4E83009179F2 /* Project object */;
			proxyType = 1;
			remoteGlobalIDString = 4BF7844E25FC4E83009179F2;
			remoteInfo = Parstagram;
		};
		4BF7847125FC4E84009179F2 /* PBXContainerItemProxy */ = {
			isa = PBXContainerItemProxy;
			containerPortal = 4BF7844725FC4E83009179F2 /* Project object */;
			proxyType = 1;
			remoteGlobalIDString = 4BF7844E25FC4E83009179F2;
			remoteInfo = Parstagram;
		};
/* End PBXContainerItemProxy section */

/* Begin PBXFileReference section */
		03A08A1A34B947415EDC92D3 /* Pods-ParstagramTests.release.xcconfig */ = {isa = PBXFileReference; includeInIndex = 1; lastKnownFileType = text.xcconfig; name = "Pods-ParstagramTests.release.xcconfig"; path = "Target Support Files/Pods-ParstagramTests/Pods-ParstagramTests.release.xcconfig"; sourceTree = "<group>"; };
		135F5DA1C23B89E8333C90DA /* Pods_ParstagramTests.framework */ = {isa = PBXFileReference; explicitFileType = wrapper.framework; includeInIndex = 0; path = Pods_ParstagramTests.framework; sourceTree = BUILT_PRODUCTS_DIR; };
		14D2CF220525C39075ED8F08 /* Pods-Parstagram.release.xcconfig */ = {isa = PBXFileReference; includeInIndex = 1; lastKnownFileType = text.xcconfig; name = "Pods-Parstagram.release.xcconfig"; path = "Target Support Files/Pods-Parstagram/Pods-Parstagram.release.xcconfig"; sourceTree = "<group>"; };
		2B3BA32FCBB59B3BEEC7786E /* Pods-Parstagram-ParstagramUITests.release.xcconfig */ = {isa = PBXFileReference; includeInIndex = 1; lastKnownFileType = text.xcconfig; name = "Pods-Parstagram-ParstagramUITests.release.xcconfig"; path = "Target Support Files/Pods-Parstagram-ParstagramUITests/Pods-Parstagram-ParstagramUITests.release.xcconfig"; sourceTree = "<group>"; };
		4BF7844F25FC4E83009179F2 /* Parstagram.app */ = {isa = PBXFileReference; explicitFileType = wrapper.application; includeInIndex = 0; path = Parstagram.app; sourceTree = BUILT_PRODUCTS_DIR; };
		4BF7845225FC4E83009179F2 /* AppDelegate.swift */ = {isa = PBXFileReference; lastKnownFileType = sourcecode.swift; path = AppDelegate.swift; sourceTree = "<group>"; };
		4BF7845425FC4E83009179F2 /* SceneDelegate.swift */ = {isa = PBXFileReference; lastKnownFileType = sourcecode.swift; path = SceneDelegate.swift; sourceTree = "<group>"; };
		4BF7845925FC4E83009179F2 /* Base */ = {isa = PBXFileReference; lastKnownFileType = file.storyboard; name = Base; path = Base.lproj/Main.storyboard; sourceTree = "<group>"; };
		4BF7845B25FC4E83009179F2 /* Assets.xcassets */ = {isa = PBXFileReference; lastKnownFileType = folder.assetcatalog; path = Assets.xcassets; sourceTree = "<group>"; };
		4BF7845E25FC4E83009179F2 /* Base */ = {isa = PBXFileReference; lastKnownFileType = file.storyboard; name = Base; path = Base.lproj/LaunchScreen.storyboard; sourceTree = "<group>"; };
		4BF7846025FC4E83009179F2 /* Info.plist */ = {isa = PBXFileReference; lastKnownFileType = text.plist.xml; path = Info.plist; sourceTree = "<group>"; };
		4BF7846525FC4E84009179F2 /* ParstagramTests.xctest */ = {isa = PBXFileReference; explicitFileType = wrapper.cfbundle; includeInIndex = 0; path = ParstagramTests.xctest; sourceTree = BUILT_PRODUCTS_DIR; };
		4BF7846925FC4E84009179F2 /* ParstagramTests.swift */ = {isa = PBXFileReference; lastKnownFileType = sourcecode.swift; path = ParstagramTests.swift; sourceTree = "<group>"; };
		4BF7846B25FC4E84009179F2 /* Info.plist */ = {isa = PBXFileReference; lastKnownFileType = text.plist.xml; path = Info.plist; sourceTree = "<group>"; };
		4BF7847025FC4E84009179F2 /* ParstagramUITests.xctest */ = {isa = PBXFileReference; explicitFileType = wrapper.cfbundle; includeInIndex = 0; path = ParstagramUITests.xctest; sourceTree = BUILT_PRODUCTS_DIR; };
		4BF7847425FC4E84009179F2 /* ParstagramUITests.swift */ = {isa = PBXFileReference; lastKnownFileType = sourcecode.swift; path = ParstagramUITests.swift; sourceTree = "<group>"; };
		4BF7847625FC4E84009179F2 /* Info.plist */ = {isa = PBXFileReference; lastKnownFileType = text.plist.xml; path = Info.plist; sourceTree = "<group>"; };
		4BF7848825FC4F18009179F2 /* LoginViewController.swift */ = {isa = PBXFileReference; lastKnownFileType = sourcecode.swift; path = LoginViewController.swift; sourceTree = "<group>"; };
		4BF7848D25FC4F28009179F2 /* FeedViewController.swift */ = {isa = PBXFileReference; lastKnownFileType = sourcecode.swift; path = FeedViewController.swift; sourceTree = "<group>"; };
		4BF784A825FC6EDE009179F2 /* CameraViewController.swift */ = {isa = PBXFileReference; lastKnownFileType = sourcecode.swift; path = CameraViewController.swift; sourceTree = "<group>"; };
		4BF784AD25FFCF7F009179F2 /* PostCell.swift */ = {isa = PBXFileReference; lastKnownFileType = sourcecode.swift; path = PostCell.swift; sourceTree = "<group>"; };
		68B395B5424193740B69E4A8 /* Pods_Parstagram_ParstagramUITests.framework */ = {isa = PBXFileReference; explicitFileType = wrapper.framework; includeInIndex = 0; path = Pods_Parstagram_ParstagramUITests.framework; sourceTree = BUILT_PRODUCTS_DIR; };
		9A82663970DFA6705152E4C9 /* Pods-Parstagram-ParstagramUITests.debug.xcconfig */ = {isa = PBXFileReference; includeInIndex = 1; lastKnownFileType = text.xcconfig; name = "Pods-Parstagram-ParstagramUITests.debug.xcconfig"; path = "Target Support Files/Pods-Parstagram-ParstagramUITests/Pods-Parstagram-ParstagramUITests.debug.xcconfig"; sourceTree = "<group>"; };
		BE24968A71F574CA03C1ACBD /* Pods_Parstagram.framework */ = {isa = PBXFileReference; explicitFileType = wrapper.framework; includeInIndex = 0; path = Pods_Parstagram.framework; sourceTree = BUILT_PRODUCTS_DIR; };
		E9EDF629F9A3A4A382E84A05 /* Pods-Parstagram.debug.xcconfig */ = {isa = PBXFileReference; includeInIndex = 1; lastKnownFileType = text.xcconfig; name = "Pods-Parstagram.debug.xcconfig"; path = "Target Support Files/Pods-Parstagram/Pods-Parstagram.debug.xcconfig"; sourceTree = "<group>"; };
		F6AA40BD903C716985D24A8B /* Pods-ParstagramTests.debug.xcconfig */ = {isa = PBXFileReference; includeInIndex = 1; lastKnownFileType = text.xcconfig; name = "Pods-ParstagramTests.debug.xcconfig"; path = "Target Support Files/Pods-ParstagramTests/Pods-ParstagramTests.debug.xcconfig"; sourceTree = "<group>"; };
/* End PBXFileReference section */

/* Begin PBXFrameworksBuildPhase section */
		4BF7844C25FC4E83009179F2 /* Frameworks */ = {
			isa = PBXFrameworksBuildPhase;
			buildActionMask = 2147483647;
			files = (
				DE86BB6AFE7DAF88E2E37E9E /* Pods_Parstagram.framework in Frameworks */,
			);
			runOnlyForDeploymentPostprocessing = 0;
		};
		4BF7846225FC4E84009179F2 /* Frameworks */ = {
			isa = PBXFrameworksBuildPhase;
			buildActionMask = 2147483647;
			files = (
				E29735B332744DE095DA0453 /* Pods_ParstagramTests.framework in Frameworks */,
			);
			runOnlyForDeploymentPostprocessing = 0;
		};
		4BF7846D25FC4E84009179F2 /* Frameworks */ = {
			isa = PBXFrameworksBuildPhase;
			buildActionMask = 2147483647;
			files = (
				6D471769AEBBF445A7DD4D33 /* Pods_Parstagram_ParstagramUITests.framework in Frameworks */,
			);
			runOnlyForDeploymentPostprocessing = 0;
		};
/* End PBXFrameworksBuildPhase section */

/* Begin PBXGroup section */
		184DC1DB327898E483DD6A6B /* Pods */ = {
			isa = PBXGroup;
			children = (
				E9EDF629F9A3A4A382E84A05 /* Pods-Parstagram.debug.xcconfig */,
				14D2CF220525C39075ED8F08 /* Pods-Parstagram.release.xcconfig */,
				9A82663970DFA6705152E4C9 /* Pods-Parstagram-ParstagramUITests.debug.xcconfig */,
				2B3BA32FCBB59B3BEEC7786E /* Pods-Parstagram-ParstagramUITests.release.xcconfig */,
				F6AA40BD903C716985D24A8B /* Pods-ParstagramTests.debug.xcconfig */,
				03A08A1A34B947415EDC92D3 /* Pods-ParstagramTests.release.xcconfig */,
			);
			path = Pods;
			sourceTree = "<group>";
		};
		4BF7844625FC4E83009179F2 = {
			isa = PBXGroup;
			children = (
				4BF7845125FC4E83009179F2 /* Parstagram */,
				4BF7846825FC4E84009179F2 /* ParstagramTests */,
				4BF7847325FC4E84009179F2 /* ParstagramUITests */,
				4BF7845025FC4E83009179F2 /* Products */,
				184DC1DB327898E483DD6A6B /* Pods */,
				6CB81A3C85B0ABBB6FBDD2D1 /* Frameworks */,
			);
			sourceTree = "<group>";
		};
		4BF7845025FC4E83009179F2 /* Products */ = {
			isa = PBXGroup;
			children = (
				4BF7844F25FC4E83009179F2 /* Parstagram.app */,
				4BF7846525FC4E84009179F2 /* ParstagramTests.xctest */,
				4BF7847025FC4E84009179F2 /* ParstagramUITests.xctest */,
			);
			name = Products;
			sourceTree = "<group>";
		};
		4BF7845125FC4E83009179F2 /* Parstagram */ = {
			isa = PBXGroup;
			children = (
				4BF7845225FC4E83009179F2 /* AppDelegate.swift */,
				4BF7845425FC4E83009179F2 /* SceneDelegate.swift */,
				4BF7845825FC4E83009179F2 /* Main.storyboard */,
				4BF7845B25FC4E83009179F2 /* Assets.xcassets */,
				4BF7845D25FC4E83009179F2 /* LaunchScreen.storyboard */,
				4BF7846025FC4E83009179F2 /* Info.plist */,
				4BF7848825FC4F18009179F2 /* LoginViewController.swift */,
				4BF7848D25FC4F28009179F2 /* FeedViewController.swift */,
				4BF784A825FC6EDE009179F2 /* CameraViewController.swift */,
				4BF784AD25FFCF7F009179F2 /* PostCell.swift */,
			);
			path = Parstagram;
			sourceTree = "<group>";
		};
		4BF7846825FC4E84009179F2 /* ParstagramTests */ = {
			isa = PBXGroup;
			children = (
				4BF7846925FC4E84009179F2 /* ParstagramTests.swift */,
				4BF7846B25FC4E84009179F2 /* Info.plist */,
			);
			path = ParstagramTests;
			sourceTree = "<group>";
		};
		4BF7847325FC4E84009179F2 /* ParstagramUITests */ = {
			isa = PBXGroup;
			children = (
				4BF7847425FC4E84009179F2 /* ParstagramUITests.swift */,
				4BF7847625FC4E84009179F2 /* Info.plist */,
			);
			path = ParstagramUITests;
			sourceTree = "<group>";
		};
		6CB81A3C85B0ABBB6FBDD2D1 /* Frameworks */ = {
			isa = PBXGroup;
			children = (
				BE24968A71F574CA03C1ACBD /* Pods_Parstagram.framework */,
				68B395B5424193740B69E4A8 /* Pods_Parstagram_ParstagramUITests.framework */,
				135F5DA1C23B89E8333C90DA /* Pods_ParstagramTests.framework */,
			);
			name = Frameworks;
			sourceTree = "<group>";
		};
/* End PBXGroup section */

/* Begin PBXNativeTarget section */
		4BF7844E25FC4E83009179F2 /* Parstagram */ = {
			isa = PBXNativeTarget;
			buildConfigurationList = 4BF7847925FC4E84009179F2 /* Build configuration list for PBXNativeTarget "Parstagram" */;
			buildPhases = (
				99C965DC784E49FC091237C8 /* [CP] Check Pods Manifest.lock */,
				4BF7844B25FC4E83009179F2 /* Sources */,
				4BF7844C25FC4E83009179F2 /* Frameworks */,
				4BF7844D25FC4E83009179F2 /* Resources */,
				7175ADEA339F7E1EFB4F27F5 /* [CP] Embed Pods Frameworks */,
			);
			buildRules = (
			);
			dependencies = (
			);
			name = Parstagram;
			productName = Parstagram;
			productReference = 4BF7844F25FC4E83009179F2 /* Parstagram.app */;
			productType = "com.apple.product-type.application";
		};
		4BF7846425FC4E84009179F2 /* ParstagramTests */ = {
			isa = PBXNativeTarget;
			buildConfigurationList = 4BF7847C25FC4E84009179F2 /* Build configuration list for PBXNativeTarget "ParstagramTests" */;
			buildPhases = (
				E54358BE4CFB1051CAA37F31 /* [CP] Check Pods Manifest.lock */,
				4BF7846125FC4E84009179F2 /* Sources */,
				4BF7846225FC4E84009179F2 /* Frameworks */,
				4BF7846325FC4E84009179F2 /* Resources */,
			);
			buildRules = (
			);
			dependencies = (
				4BF7846725FC4E84009179F2 /* PBXTargetDependency */,
			);
			name = ParstagramTests;
			productName = ParstagramTests;
			productReference = 4BF7846525FC4E84009179F2 /* ParstagramTests.xctest */;
			productType = "com.apple.product-type.bundle.unit-test";
		};
		4BF7846F25FC4E84009179F2 /* ParstagramUITests */ = {
			isa = PBXNativeTarget;
			buildConfigurationList = 4BF7847F25FC4E84009179F2 /* Build configuration list for PBXNativeTarget "ParstagramUITests" */;
			buildPhases = (
				A8B2FA4756570AD6317280B8 /* [CP] Check Pods Manifest.lock */,
				4BF7846C25FC4E84009179F2 /* Sources */,
				4BF7846D25FC4E84009179F2 /* Frameworks */,
				4BF7846E25FC4E84009179F2 /* Resources */,
				9C761357D4BFF2A609AAD71F /* [CP] Embed Pods Frameworks */,
			);
			buildRules = (
			);
			dependencies = (
				4BF7847225FC4E84009179F2 /* PBXTargetDependency */,
			);
			name = ParstagramUITests;
			productName = ParstagramUITests;
			productReference = 4BF7847025FC4E84009179F2 /* ParstagramUITests.xctest */;
			productType = "com.apple.product-type.bundle.ui-testing";
		};
/* End PBXNativeTarget section */

/* Begin PBXProject section */
		4BF7844725FC4E83009179F2 /* Project object */ = {
			isa = PBXProject;
			attributes = {
				LastSwiftUpdateCheck = 1240;
				LastUpgradeCheck = 1240;
				TargetAttributes = {
					4BF7844E25FC4E83009179F2 = {
						CreatedOnToolsVersion = 12.4;
					};
					4BF7846425FC4E84009179F2 = {
						CreatedOnToolsVersion = 12.4;
						TestTargetID = 4BF7844E25FC4E83009179F2;
					};
					4BF7846F25FC4E84009179F2 = {
						CreatedOnToolsVersion = 12.4;
						TestTargetID = 4BF7844E25FC4E83009179F2;
					};
				};
			};
			buildConfigurationList = 4BF7844A25FC4E83009179F2 /* Build configuration list for PBXProject "Parstagram" */;
			compatibilityVersion = "Xcode 9.3";
			developmentRegion = en;
			hasScannedForEncodings = 0;
			knownRegions = (
				en,
				Base,
			);
			mainGroup = 4BF7844625FC4E83009179F2;
			productRefGroup = 4BF7845025FC4E83009179F2 /* Products */;
			projectDirPath = "";
			projectRoot = "";
			targets = (
				4BF7844E25FC4E83009179F2 /* Parstagram */,
				4BF7846425FC4E84009179F2 /* ParstagramTests */,
				4BF7846F25FC4E84009179F2 /* ParstagramUITests */,
			);
		};
/* End PBXProject section */

/* Begin PBXResourcesBuildPhase section */
		4BF7844D25FC4E83009179F2 /* Resources */ = {
			isa = PBXResourcesBuildPhase;
			buildActionMask = 2147483647;
			files = (
				4BF7845F25FC4E83009179F2 /* LaunchScreen.storyboard in Resources */,
				4BF7845C25FC4E83009179F2 /* Assets.xcassets in Resources */,
				4BF7845A25FC4E83009179F2 /* Main.storyboard in Resources */,
			);
			runOnlyForDeploymentPostprocessing = 0;
		};
		4BF7846325FC4E84009179F2 /* Resources */ = {
			isa = PBXResourcesBuildPhase;
			buildActionMask = 2147483647;
			files = (
			);
			runOnlyForDeploymentPostprocessing = 0;
		};
		4BF7846E25FC4E84009179F2 /* Resources */ = {
			isa = PBXResourcesBuildPhase;
			buildActionMask = 2147483647;
			files = (
			);
			runOnlyForDeploymentPostprocessing = 0;
		};
/* End PBXResourcesBuildPhase section */

/* Begin PBXShellScriptBuildPhase section */
		7175ADEA339F7E1EFB4F27F5 /* [CP] Embed Pods Frameworks */ = {
			isa = PBXShellScriptBuildPhase;
			buildActionMask = 2147483647;
			files = (
			);
			inputFileListPaths = (
				"${PODS_ROOT}/Target Support Files/Pods-Parstagram/Pods-Parstagram-frameworks-${CONFIGURATION}-input-files.xcfilelist",
			);
			name = "[CP] Embed Pods Frameworks";
			outputFileListPaths = (
				"${PODS_ROOT}/Target Support Files/Pods-Parstagram/Pods-Parstagram-frameworks-${CONFIGURATION}-output-files.xcfilelist",
			);
			runOnlyForDeploymentPostprocessing = 0;
			shellPath = /bin/sh;
			shellScript = "\"${PODS_ROOT}/Target Support Files/Pods-Parstagram/Pods-Parstagram-frameworks.sh\"\n";
			showEnvVarsInLog = 0;
		};
		99C965DC784E49FC091237C8 /* [CP] Check Pods Manifest.lock */ = {
			isa = PBXShellScriptBuildPhase;
			buildActionMask = 2147483647;
			files = (
			);
			inputFileListPaths = (
			);
			inputPaths = (
				"${PODS_PODFILE_DIR_PATH}/Podfile.lock",
				"${PODS_ROOT}/Manifest.lock",
			);
			name = "[CP] Check Pods Manifest.lock";
			outputFileListPaths = (
			);
			outputPaths = (
				"$(DERIVED_FILE_DIR)/Pods-Parstagram-checkManifestLockResult.txt",
			);
			runOnlyForDeploymentPostprocessing = 0;
			shellPath = /bin/sh;
			shellScript = "diff \"${PODS_PODFILE_DIR_PATH}/Podfile.lock\" \"${PODS_ROOT}/Manifest.lock\" > /dev/null\nif [ $? != 0 ] ; then\n    # print error to STDERR\n    echo \"error: The sandbox is not in sync with the Podfile.lock. Run 'pod install' or update your CocoaPods installation.\" >&2\n    exit 1\nfi\n# This output is used by Xcode 'outputs' to avoid re-running this script phase.\necho \"SUCCESS\" > \"${SCRIPT_OUTPUT_FILE_0}\"\n";
			showEnvVarsInLog = 0;
		};
		9C761357D4BFF2A609AAD71F /* [CP] Embed Pods Frameworks */ = {
			isa = PBXShellScriptBuildPhase;
			buildActionMask = 2147483647;
			files = (
			);
			inputFileListPaths = (
				"${PODS_ROOT}/Target Support Files/Pods-Parstagram-ParstagramUITests/Pods-Parstagram-ParstagramUITests-frameworks-${CONFIGURATION}-input-files.xcfilelist",
			);
			name = "[CP] Embed Pods Frameworks";
			outputFileListPaths = (
				"${PODS_ROOT}/Target Support Files/Pods-Parstagram-ParstagramUITests/Pods-Parstagram-ParstagramUITests-frameworks-${CONFIGURATION}-output-files.xcfilelist",
			);
			runOnlyForDeploymentPostprocessing = 0;
			shellPath = /bin/sh;
			shellScript = "\"${PODS_ROOT}/Target Support Files/Pods-Parstagram-ParstagramUITests/Pods-Parstagram-ParstagramUITests-frameworks.sh\"\n";
			showEnvVarsInLog = 0;
		};
		A8B2FA4756570AD6317280B8 /* [CP] Check Pods Manifest.lock */ = {
			isa = PBXShellScriptBuildPhase;
			buildActionMask = 2147483647;
			files = (
			);
			inputFileListPaths = (
			);
			inputPaths = (
				"${PODS_PODFILE_DIR_PATH}/Podfile.lock",
				"${PODS_ROOT}/Manifest.lock",
			);
			name = "[CP] Check Pods Manifest.lock";
			outputFileListPaths = (
			);
			outputPaths = (
				"$(DERIVED_FILE_DIR)/Pods-Parstagram-ParstagramUITests-checkManifestLockResult.txt",
			);
			runOnlyForDeploymentPostprocessing = 0;
			shellPath = /bin/sh;
			shellScript = "diff \"${PODS_PODFILE_DIR_PATH}/Podfile.lock\" \"${PODS_ROOT}/Manifest.lock\" > /dev/null\nif [ $? != 0 ] ; then\n    # print error to STDERR\n    echo \"error: The sandbox is not in sync with the Podfile.lock. Run 'pod install' or update your CocoaPods installation.\" >&2\n    exit 1\nfi\n# This output is used by Xcode 'outputs' to avoid re-running this script phase.\necho \"SUCCESS\" > \"${SCRIPT_OUTPUT_FILE_0}\"\n";
			showEnvVarsInLog = 0;
		};
		E54358BE4CFB1051CAA37F31 /* [CP] Check Pods Manifest.lock */ = {
			isa = PBXShellScriptBuildPhase;
			buildActionMask = 2147483647;
			files = (
			);
			inputFileListPaths = (
			);
			inputPaths = (
				"${PODS_PODFILE_DIR_PATH}/Podfile.lock",
				"${PODS_ROOT}/Manifest.lock",
			);
			name = "[CP] Check Pods Manifest.lock";
			outputFileListPaths = (
			);
			outputPaths = (
				"$(DERIVED_FILE_DIR)/Pods-ParstagramTests-checkManifestLockResult.txt",
			);
			runOnlyForDeploymentPostprocessing = 0;
			shellPath = /bin/sh;
			shellScript = "diff \"${PODS_PODFILE_DIR_PATH}/Podfile.lock\" \"${PODS_ROOT}/Manifest.lock\" > /dev/null\nif [ $? != 0 ] ; then\n    # print error to STDERR\n    echo \"error: The sandbox is not in sync with the Podfile.lock. Run 'pod install' or update your CocoaPods installation.\" >&2\n    exit 1\nfi\n# This output is used by Xcode 'outputs' to avoid re-running this script phase.\necho \"SUCCESS\" > \"${SCRIPT_OUTPUT_FILE_0}\"\n";
			showEnvVarsInLog = 0;
		};
/* End PBXShellScriptBuildPhase section */

/* Begin PBXSourcesBuildPhase section */
		4BF7844B25FC4E83009179F2 /* Sources */ = {
			isa = PBXSourcesBuildPhase;
			buildActionMask = 2147483647;
			files = (
				4BF7848925FC4F18009179F2 /* LoginViewController.swift in Sources */,
				4BF784A925FC6EDE009179F2 /* CameraViewController.swift in Sources */,
				4BF7845325FC4E83009179F2 /* AppDelegate.swift in Sources */,
				4BF7848E25FC4F28009179F2 /* FeedViewController.swift in Sources */,
				4BF7845525FC4E83009179F2 /* SceneDelegate.swift in Sources */,
				4BF784AE25FFCF7F009179F2 /* PostCell.swift in Sources */,
			);
			runOnlyForDeploymentPostprocessing = 0;
		};
		4BF7846125FC4E84009179F2 /* Sources */ = {
			isa = PBXSourcesBuildPhase;
			buildActionMask = 2147483647;
			files = (
				4BF7846A25FC4E84009179F2 /* ParstagramTests.swift in Sources */,
			);
			runOnlyForDeploymentPostprocessing = 0;
		};
		4BF7846C25FC4E84009179F2 /* Sources */ = {
			isa = PBXSourcesBuildPhase;
			buildActionMask = 2147483647;
			files = (
				4BF7847525FC4E84009179F2 /* ParstagramUITests.swift in Sources */,
			);
			runOnlyForDeploymentPostprocessing = 0;
		};
/* End PBXSourcesBuildPhase section */

/* Begin PBXTargetDependency section */
		4BF7846725FC4E84009179F2 /* PBXTargetDependency */ = {
			isa = PBXTargetDependency;
			target = 4BF7844E25FC4E83009179F2 /* Parstagram */;
			targetProxy = 4BF7846625FC4E84009179F2 /* PBXContainerItemProxy */;
		};
		4BF7847225FC4E84009179F2 /* PBXTargetDependency */ = {
			isa = PBXTargetDependency;
			target = 4BF7844E25FC4E83009179F2 /* Parstagram */;
			targetProxy = 4BF7847125FC4E84009179F2 /* PBXContainerItemProxy */;
		};
/* End PBXTargetDependency section */

/* Begin PBXVariantGroup section */
		4BF7845825FC4E83009179F2 /* Main.storyboard */ = {
			isa = PBXVariantGroup;
			children = (
				4BF7845925FC4E83009179F2 /* Base */,
			);
			name = Main.storyboard;
			sourceTree = "<group>";
		};
		4BF7845D25FC4E83009179F2 /* LaunchScreen.storyboard */ = {
			isa = PBXVariantGroup;
			children = (
				4BF7845E25FC4E83009179F2 /* Base */,
			);
			name = LaunchScreen.storyboard;
			sourceTree = "<group>";
		};
/* End PBXVariantGroup section */

/* Begin XCBuildConfiguration section */
		4BF7847725FC4E84009179F2 /* Debug */ = {
			isa = XCBuildConfiguration;
			buildSettings = {
				ALWAYS_SEARCH_USER_PATHS = NO;
				CLANG_ANALYZER_NONNULL = YES;
				CLANG_ANALYZER_NUMBER_OBJECT_CONVERSION = YES_AGGRESSIVE;
				CLANG_CXX_LANGUAGE_STANDARD = "gnu++14";
				CLANG_CXX_LIBRARY = "libc++";
				CLANG_ENABLE_MODULES = YES;
				CLANG_ENABLE_OBJC_ARC = YES;
				CLANG_ENABLE_OBJC_WEAK = YES;
				CLANG_WARN_BLOCK_CAPTURE_AUTORELEASING = YES;
				CLANG_WARN_BOOL_CONVERSION = YES;
				CLANG_WARN_COMMA = YES;
				CLANG_WARN_CONSTANT_CONVERSION = YES;
				CLANG_WARN_DEPRECATED_OBJC_IMPLEMENTATIONS = YES;
				CLANG_WARN_DIRECT_OBJC_ISA_USAGE = YES_ERROR;
				CLANG_WARN_DOCUMENTATION_COMMENTS = YES;
				CLANG_WARN_EMPTY_BODY = YES;
				CLANG_WARN_ENUM_CONVERSION = YES;
				CLANG_WARN_INFINITE_RECURSION = YES;
				CLANG_WARN_INT_CONVERSION = YES;
				CLANG_WARN_NON_LITERAL_NULL_CONVERSION = YES;
				CLANG_WARN_OBJC_IMPLICIT_RETAIN_SELF = YES;
				CLANG_WARN_OBJC_LITERAL_CONVERSION = YES;
				CLANG_WARN_OBJC_ROOT_CLASS = YES_ERROR;
				CLANG_WARN_QUOTED_INCLUDE_IN_FRAMEWORK_HEADER = YES;
				CLANG_WARN_RANGE_LOOP_ANALYSIS = YES;
				CLANG_WARN_STRICT_PROTOTYPES = YES;
				CLANG_WARN_SUSPICIOUS_MOVE = YES;
				CLANG_WARN_UNGUARDED_AVAILABILITY = YES_AGGRESSIVE;
				CLANG_WARN_UNREACHABLE_CODE = YES;
				CLANG_WARN__DUPLICATE_METHOD_MATCH = YES;
				COPY_PHASE_STRIP = NO;
				DEBUG_INFORMATION_FORMAT = dwarf;
				ENABLE_STRICT_OBJC_MSGSEND = YES;
				ENABLE_TESTABILITY = YES;
				GCC_C_LANGUAGE_STANDARD = gnu11;
				GCC_DYNAMIC_NO_PIC = NO;
				GCC_NO_COMMON_BLOCKS = YES;
				GCC_OPTIMIZATION_LEVEL = 0;
				GCC_PREPROCESSOR_DEFINITIONS = (
					"DEBUG=1",
					"$(inherited)",
				);
				GCC_WARN_64_TO_32_BIT_CONVERSION = YES;
				GCC_WARN_ABOUT_RETURN_TYPE = YES_ERROR;
				GCC_WARN_UNDECLARED_SELECTOR = YES;
				GCC_WARN_UNINITIALIZED_AUTOS = YES_AGGRESSIVE;
				GCC_WARN_UNUSED_FUNCTION = YES;
				GCC_WARN_UNUSED_VARIABLE = YES;
				IPHONEOS_DEPLOYMENT_TARGET = 14.4;
				MTL_ENABLE_DEBUG_INFO = INCLUDE_SOURCE;
				MTL_FAST_MATH = YES;
				ONLY_ACTIVE_ARCH = YES;
				SDKROOT = iphoneos;
				SWIFT_ACTIVE_COMPILATION_CONDITIONS = DEBUG;
				SWIFT_OPTIMIZATION_LEVEL = "-Onone";
			};
			name = Debug;
		};
		4BF7847825FC4E84009179F2 /* Release */ = {
			isa = XCBuildConfiguration;
			buildSettings = {
				ALWAYS_SEARCH_USER_PATHS = NO;
				CLANG_ANALYZER_NONNULL = YES;
				CLANG_ANALYZER_NUMBER_OBJECT_CONVERSION = YES_AGGRESSIVE;
				CLANG_CXX_LANGUAGE_STANDARD = "gnu++14";
				CLANG_CXX_LIBRARY = "libc++";
				CLANG_ENABLE_MODULES = YES;
				CLANG_ENABLE_OBJC_ARC = YES;
				CLANG_ENABLE_OBJC_WEAK = YES;
				CLANG_WARN_BLOCK_CAPTURE_AUTORELEASING = YES;
				CLANG_WARN_BOOL_CONVERSION = YES;
				CLANG_WARN_COMMA = YES;
				CLANG_WARN_CONSTANT_CONVERSION = YES;
				CLANG_WARN_DEPRECATED_OBJC_IMPLEMENTATIONS = YES;
				CLANG_WARN_DIRECT_OBJC_ISA_USAGE = YES_ERROR;
				CLANG_WARN_DOCUMENTATION_COMMENTS = YES;
				CLANG_WARN_EMPTY_BODY = YES;
				CLANG_WARN_ENUM_CONVERSION = YES;
				CLANG_WARN_INFINITE_RECURSION = YES;
				CLANG_WARN_INT_CONVERSION = YES;
				CLANG_WARN_NON_LITERAL_NULL_CONVERSION = YES;
				CLANG_WARN_OBJC_IMPLICIT_RETAIN_SELF = YES;
				CLANG_WARN_OBJC_LITERAL_CONVERSION = YES;
				CLANG_WARN_OBJC_ROOT_CLASS = YES_ERROR;
				CLANG_WARN_QUOTED_INCLUDE_IN_FRAMEWORK_HEADER = YES;
				CLANG_WARN_RANGE_LOOP_ANALYSIS = YES;
				CLANG_WARN_STRICT_PROTOTYPES = YES;
				CLANG_WARN_SUSPICIOUS_MOVE = YES;
				CLANG_WARN_UNGUARDED_AVAILABILITY = YES_AGGRESSIVE;
				CLANG_WARN_UNREACHABLE_CODE = YES;
				CLANG_WARN__DUPLICATE_METHOD_MATCH = YES;
				COPY_PHASE_STRIP = NO;
				DEBUG_INFORMATION_FORMAT = "dwarf-with-dsym";
				ENABLE_NS_ASSERTIONS = NO;
				ENABLE_STRICT_OBJC_MSGSEND = YES;
				GCC_C_LANGUAGE_STANDARD = gnu11;
				GCC_NO_COMMON_BLOCKS = YES;
				GCC_WARN_64_TO_32_BIT_CONVERSION = YES;
				GCC_WARN_ABOUT_RETURN_TYPE = YES_ERROR;
				GCC_WARN_UNDECLARED_SELECTOR = YES;
				GCC_WARN_UNINITIALIZED_AUTOS = YES_AGGRESSIVE;
				GCC_WARN_UNUSED_FUNCTION = YES;
				GCC_WARN_UNUSED_VARIABLE = YES;
				IPHONEOS_DEPLOYMENT_TARGET = 14.4;
				MTL_ENABLE_DEBUG_INFO = NO;
				MTL_FAST_MATH = YES;
				SDKROOT = iphoneos;
				SWIFT_COMPILATION_MODE = wholemodule;
				SWIFT_OPTIMIZATION_LEVEL = "-O";
				VALIDATE_PRODUCT = YES;
			};
			name = Release;
		};
		4BF7847A25FC4E84009179F2 /* Debug */ = {
			isa = XCBuildConfiguration;
			baseConfigurationReference = E9EDF629F9A3A4A382E84A05 /* Pods-Parstagram.debug.xcconfig */;
			buildSettings = {
				ASSETCATALOG_COMPILER_APPICON_NAME = AppIcon;
				ASSETCATALOG_COMPILER_GLOBAL_ACCENT_COLOR_NAME = AccentColor;
				CODE_SIGN_STYLE = Automatic;
				INFOPLIST_FILE = Parstagram/Info.plist;
				LD_RUNPATH_SEARCH_PATHS = (
					"$(inherited)",
					"@executable_path/Frameworks",
				);
				PRODUCT_BUNDLE_IDENTIFIER = "Fate-Nasiba-.Parstagram";
				PRODUCT_NAME = "$(TARGET_NAME)";
				SWIFT_VERSION = 5.0;
				TARGETED_DEVICE_FAMILY = "1,2";
			};
			name = Debug;
		};
		4BF7847B25FC4E84009179F2 /* Release */ = {
			isa = XCBuildConfiguration;
			baseConfigurationReference = 14D2CF220525C39075ED8F08 /* Pods-Parstagram.release.xcconfig */;
			buildSettings = {
				ASSETCATALOG_COMPILER_APPICON_NAME = AppIcon;
				ASSETCATALOG_COMPILER_GLOBAL_ACCENT_COLOR_NAME = AccentColor;
				CODE_SIGN_STYLE = Automatic;
				INFOPLIST_FILE = Parstagram/Info.plist;
				LD_RUNPATH_SEARCH_PATHS = (
					"$(inherited)",
					"@executable_path/Frameworks",
				);
				PRODUCT_BUNDLE_IDENTIFIER = "Fate-Nasiba-.Parstagram";
				PRODUCT_NAME = "$(TARGET_NAME)";
				SWIFT_VERSION = 5.0;
				TARGETED_DEVICE_FAMILY = "1,2";
			};
			name = Release;
		};
		4BF7847D25FC4E84009179F2 /* Debug */ = {
			isa = XCBuildConfiguration;
			baseConfigurationReference = F6AA40BD903C716985D24A8B /* Pods-ParstagramTests.debug.xcconfig */;
			buildSettings = {
				ALWAYS_EMBED_SWIFT_STANDARD_LIBRARIES = YES;
				BUNDLE_LOADER = "$(TEST_HOST)";
				CODE_SIGN_STYLE = Automatic;
				INFOPLIST_FILE = ParstagramTests/Info.plist;
				IPHONEOS_DEPLOYMENT_TARGET = 14.4;
				LD_RUNPATH_SEARCH_PATHS = (
					"$(inherited)",
					"@executable_path/Frameworks",
					"@loader_path/Frameworks",
				);
				PRODUCT_BUNDLE_IDENTIFIER = "Fate-Nasiba-.ParstagramTests";
				PRODUCT_NAME = "$(TARGET_NAME)";
				SWIFT_VERSION = 5.0;
				TARGETED_DEVICE_FAMILY = "1,2";
				TEST_HOST = "$(BUILT_PRODUCTS_DIR)/Parstagram.app/Parstagram";
			};
			name = Debug;
		};
		4BF7847E25FC4E84009179F2 /* Release */ = {
			isa = XCBuildConfiguration;
			baseConfigurationReference = 03A08A1A34B947415EDC92D3 /* Pods-ParstagramTests.release.xcconfig */;
			buildSettings = {
				ALWAYS_EMBED_SWIFT_STANDARD_LIBRARIES = YES;
				BUNDLE_LOADER = "$(TEST_HOST)";
				CODE_SIGN_STYLE = Automatic;
				INFOPLIST_FILE = ParstagramTests/Info.plist;
				IPHONEOS_DEPLOYMENT_TARGET = 14.4;
				LD_RUNPATH_SEARCH_PATHS = (
					"$(inherited)",
					"@executable_path/Frameworks",
					"@loader_path/Frameworks",
				);
				PRODUCT_BUNDLE_IDENTIFIER = "Fate-Nasiba-.ParstagramTests";
				PRODUCT_NAME = "$(TARGET_NAME)";
				SWIFT_VERSION = 5.0;
				TARGETED_DEVICE_FAMILY = "1,2";
				TEST_HOST = "$(BUILT_PRODUCTS_DIR)/Parstagram.app/Parstagram";
			};
			name = Release;
		};
		4BF7848025FC4E84009179F2 /* Debug */ = {
			isa = XCBuildConfiguration;
			baseConfigurationReference = 9A82663970DFA6705152E4C9 /* Pods-Parstagram-ParstagramUITests.debug.xcconfig */;
			buildSettings = {
				ALWAYS_EMBED_SWIFT_STANDARD_LIBRARIES = YES;
				CODE_SIGN_STYLE = Automatic;
				INFOPLIST_FILE = ParstagramUITests/Info.plist;
				LD_RUNPATH_SEARCH_PATHS = (
					"$(inherited)",
					"@executable_path/Frameworks",
					"@loader_path/Frameworks",
				);
				PRODUCT_BUNDLE_IDENTIFIER = "Fate-Nasiba-.ParstagramUITests";
				PRODUCT_NAME = "$(TARGET_NAME)";
				SWIFT_VERSION = 5.0;
				TARGETED_DEVICE_FAMILY = "1,2";
				TEST_TARGET_NAME = Parstagram;
			};
			name = Debug;
		};
		4BF7848125FC4E84009179F2 /* Release */ = {
			isa = XCBuildConfiguration;
			baseConfigurationReference = 2B3BA32FCBB59B3BEEC7786E /* Pods-Parstagram-ParstagramUITests.release.xcconfig */;
			buildSettings = {
				ALWAYS_EMBED_SWIFT_STANDARD_LIBRARIES = YES;
				CODE_SIGN_STYLE = Automatic;
				INFOPLIST_FILE = ParstagramUITests/Info.plist;
				LD_RUNPATH_SEARCH_PATHS = (
					"$(inherited)",
					"@executable_path/Frameworks",
					"@loader_path/Frameworks",
				);
				PRODUCT_BUNDLE_IDENTIFIER = "Fate-Nasiba-.ParstagramUITests";
				PRODUCT_NAME = "$(TARGET_NAME)";
				SWIFT_VERSION = 5.0;
				TARGETED_DEVICE_FAMILY = "1,2";
				TEST_TARGET_NAME = Parstagram;
			};
			name = Release;
		};
/* End XCBuildConfiguration section */

/* Begin XCConfigurationList section */
		4BF7844A25FC4E83009179F2 /* Build configuration list for PBXProject "Parstagram" */ = {
			isa = XCConfigurationList;
			buildConfigurations = (
				4BF7847725FC4E84009179F2 /* Debug */,
				4BF7847825FC4E84009179F2 /* Release */,
			);
			defaultConfigurationIsVisible = 0;
			defaultConfigurationName = Release;
		};
		4BF7847925FC4E84009179F2 /* Build configuration list for PBXNativeTarget "Parstagram" */ = {
			isa = XCConfigurationList;
			buildConfigurations = (
				4BF7847A25FC4E84009179F2 /* Debug */,
				4BF7847B25FC4E84009179F2 /* Release */,
			);
			defaultConfigurationIsVisible = 0;
			defaultConfigurationName = Release;
		};
		4BF7847C25FC4E84009179F2 /* Build configuration list for PBXNativeTarget "ParstagramTests" */ = {
			isa = XCConfigurationList;
			buildConfigurations = (
				4BF7847D25FC4E84009179F2 /* Debug */,
				4BF7847E25FC4E84009179F2 /* Release */,
			);
			defaultConfigurationIsVisible = 0;
			defaultConfigurationName = Release;
		};
		4BF7847F25FC4E84009179F2 /* Build configuration list for PBXNativeTarget "ParstagramUITests" */ = {
			isa = XCConfigurationList;
			buildConfigurations = (
				4BF7848025FC4E84009179F2 /* Debug */,
				4BF7848125FC4E84009179F2 /* Release */,
			);
			defaultConfigurationIsVisible = 0;
			defaultConfigurationName = Release;
		};
/* End XCConfigurationList section */
	};
	rootObject = 4BF7844725FC4E83009179F2 /* Project object */;
}
